
Microsoft Visual Studio Solution File, Format Version 12.00
# Visual Studio Version 17
VisualStudioVersion = 17.9.34714.143
MinimumVisualStudioVersion = 10.0.40219.1
Project("{FAE04EC0-301F-11D3-BF4B-00C04F79EFBC}") = "Covid19ManagmentSystem.Web", "Covid19ManagmentSystem.Web\Covid19ManagmentSystem.Web.csproj", "{88FD2564-7D78-47AA-BECD-F044E54F4990}"
EndProject
Global
	GlobalSection(SolutionConfigurationPlatforms) = preSolution
		Debug|Any CPU = Debug|Any CPU
		Release|Any CPU = Release|Any CPU
	EndGlobalSection
	GlobalSection(ProjectConfigurationPlatforms) = postSolution
		{88FD2564-7D78-47AA-BECD-F044E54F4990}.Debug|Any CPU.ActiveCfg = Debug|Any CPU
		{88FD2564-7D78-47AA-BECD-F044E54F4990}.Debug|Any CPU.Build.0 = Debug|Any CPU
		{88FD2564-7D78-47AA-BECD-F044E54F4990}.Release|Any CPU.ActiveCfg = Release|Any CPU
		{88FD2564-7D78-47AA-BECD-F044E54F4990}.Release|Any CPU.Build.0 = Release|Any CPU
	EndGlobalSection
	GlobalSection(SolutionProperties) = preSolution
		HideSolutionNode = FALSE
	EndGlobalSection
	GlobalSection(ExtensibilityGlobals) = postSolution
		SolutionGuid = {68AE2129-32ED-4FF3-8F74-E7D2452B9079}
	EndGlobalSection
EndGlobal
